
Microsoft Visual Studio Solution File, Format Version 12.00
# Visual Studio Version 17
VisualStudioVersion = 17.7.34024.191
MinimumVisualStudioVersion = 10.0.40219.1
Project("{FAE04EC0-301F-11D3-BF4B-00C04F79EFBC}") = "ConsoleApp1", "ConsoleApp1\ConsoleApp1.csproj", "{4CDDC829-F9EA-4240-85AE-AE8BE2D6F2EB}"
EndProject
Global
	GlobalSection(SolutionConfigurationPlatforms) = preSolution
		Debug|Any CPU = Debug|Any CPU
		Release|Any CPU = Release|Any CPU
	EndGlobalSection
	GlobalSection(ProjectConfigurationPlatforms) = postSolution
		{4CDDC829-F9EA-4240-85AE-AE8BE2D6F2EB}.Debug|Any CPU.ActiveCfg = Debug|Any CPU
		{4CDDC829-F9EA-4240-85AE-AE8BE2D6F2EB}.Debug|Any CPU.Build.0 = Debug|Any CPU
		{4CDDC829-F9EA-4240-85AE-AE8BE2D6F2EB}.Release|Any CPU.ActiveCfg = Release|Any CPU
		{4CDDC829-F9EA-4240-85AE-AE8BE2D6F2EB}.Release|Any CPU.Build.0 = Release|Any CPU
	EndGlobalSection
	GlobalSection(SolutionProperties) = preSolution
		HideSolutionNode = FALSE
	EndGlobalSection
	GlobalSection(ExtensibilityGlobals) = postSolution
		SolutionGuid = {3ED86EED-83CC-457A-9ED0-AEEAFFD0A2B4}
	EndGlobalSection
EndGlobal
